
Microsoft Visual Studio Solution File, Format Version 12.00
# Visual Studio Version 17
VisualStudioVersion = 17.4.33205.214
MinimumVisualStudioVersion = 10.0.40219.1
Project("{FAE04EC0-301F-11D3-BF4B-00C04F79EFBC}") = "ClassCalculator", "ClassCalculator\ClassCalculator.csproj", "{277648E1-1576-4A9E-9C47-9694CA25CC54}"
EndProject
Global
	GlobalSection(SolutionConfigurationPlatforms) = preSolution
		Debug|Any CPU = Debug|Any CPU
		Release|Any CPU = Release|Any CPU
	EndGlobalSection
	GlobalSection(ProjectConfigurationPlatforms) = postSolution
		{277648E1-1576-4A9E-9C47-9694CA25CC54}.Debug|Any CPU.ActiveCfg = Debug|Any CPU
		{277648E1-1576-4A9E-9C47-9694CA25CC54}.Debug|Any CPU.Build.0 = Debug|Any CPU
		{277648E1-1576-4A9E-9C47-9694CA25CC54}.Release|Any CPU.ActiveCfg = Release|Any CPU
		{277648E1-1576-4A9E-9C47-9694CA25CC54}.Release|Any CPU.Build.0 = Release|Any CPU
	EndGlobalSection
	GlobalSection(SolutionProperties) = preSolution
		HideSolutionNode = FALSE
	EndGlobalSection
	GlobalSection(ExtensibilityGlobals) = postSolution
		SolutionGuid = {B066411B-FD5D-40A3-9E9C-402E803E240E}
	EndGlobalSection
EndGlobal
